
Microsoft Visual Studio Solution File, Format Version 12.00
# Visual Studio Version 16
VisualStudioVersion = 16.0.30907.101
MinimumVisualStudioVersion = 10.0.40219.1
Project("{9A19103F-16F7-4668-BE54-9A1E7A4F7556}") = "Arrays And Loops Practice", "LoopsPractice\Arrays And Loops Practice.csproj", "{AE92699D-BA1A-4B1B-9BCA-C6B72A0D53F6}"
EndProject
Global
	GlobalSection(SolutionConfigurationPlatforms) = preSolution
		Debug|Any CPU = Debug|Any CPU
		Release|Any CPU = Release|Any CPU
	EndGlobalSection
	GlobalSection(ProjectConfigurationPlatforms) = postSolution
		{AE92699D-BA1A-4B1B-9BCA-C6B72A0D53F6}.Debug|Any CPU.ActiveCfg = Debug|Any CPU
		{AE92699D-BA1A-4B1B-9BCA-C6B72A0D53F6}.Debug|Any CPU.Build.0 = Debug|Any CPU
		{AE92699D-BA1A-4B1B-9BCA-C6B72A0D53F6}.Release|Any CPU.ActiveCfg = Release|Any CPU
		{AE92699D-BA1A-4B1B-9BCA-C6B72A0D53F6}.Release|Any CPU.Build.0 = Release|Any CPU
	EndGlobalSection
	GlobalSection(SolutionProperties) = preSolution
		HideSolutionNode = FALSE
	EndGlobalSection
	GlobalSection(ExtensibilityGlobals) = postSolution
		SolutionGuid = {57BEB464-35E5-4F4D-B0F3-48CEF6C33A0C}
	EndGlobalSection
EndGlobal
